
Microsoft Visual Studio Solution File, Format Version 12.00
Project("{FAE04EC0-301F-11D3-BF4B-00C04F79EFBC}") = "TracerLib", "TracerLib\TracerLib.csproj", "{F086DACF-A441-4B61-9178-831A87675B53}"
EndProject
Project("{FAE04EC0-301F-11D3-BF4B-00C04F79EFBC}") = "UtilApp", "UtilApp\UtilApp.csproj", "{1151F5F2-DE75-4B0C-8511-E45A55276B87}"
EndProject
Global
	GlobalSection(SolutionConfigurationPlatforms) = preSolution
		Debug|Any CPU = Debug|Any CPU
		Release|Any CPU = Release|Any CPU
	EndGlobalSection
	GlobalSection(ProjectConfigurationPlatforms) = postSolution
		{F086DACF-A441-4B61-9178-831A87675B53}.Debug|Any CPU.ActiveCfg = Debug|Any CPU
		{F086DACF-A441-4B61-9178-831A87675B53}.Debug|Any CPU.Build.0 = Debug|Any CPU
		{F086DACF-A441-4B61-9178-831A87675B53}.Release|Any CPU.ActiveCfg = Release|Any CPU
		{F086DACF-A441-4B61-9178-831A87675B53}.Release|Any CPU.Build.0 = Release|Any CPU
		{1151F5F2-DE75-4B0C-8511-E45A55276B87}.Debug|Any CPU.ActiveCfg = Debug|Any CPU
		{1151F5F2-DE75-4B0C-8511-E45A55276B87}.Debug|Any CPU.Build.0 = Debug|Any CPU
		{1151F5F2-DE75-4B0C-8511-E45A55276B87}.Release|Any CPU.ActiveCfg = Release|Any CPU
		{1151F5F2-DE75-4B0C-8511-E45A55276B87}.Release|Any CPU.Build.0 = Release|Any CPU
	EndGlobalSection
EndGlobal
